{
  "name": "context-grapple-gun",
  "version": "5.0.0",
  "lockfileVersion": 3,
  "requires": true,
  "packages": {
    "": {
      "name": "context-grapple-gun",
      "version": "5.0.0",
      "license": "MIT",
      "bin": {
        "cgg": "bin/cgg.mjs"
      },
      "engines": {
        "node": ">=18.0.0"
      }
    }
  }
}
